<?xml version="1.0" encoding="utf-8"?>
<Project ToolsVersion="4.0" xmlns="http://schemas.microsoft.com/developer/msbuild/2003">
  <ItemGroup>
    <Filter Include="Source Files">
      <UniqueIdentifier>{4FC737F1-C7A5-4376-A066-2A32D752A2FF}</UniqueIdentifier>
      <Extensions>cpp;c;cc;cxx;def;odl;idl;hpj;bat;asm;asmx</Extensions>
    </Filter>
    <Filter Include="Header Files">
      <UniqueIdentifier>{93995380-89BD-4b04-88EB-625FBE52EBFB}</UniqueIdentifier>
      <Extensions>h;hh;hpp;hxx;hm;inl;inc;ipp;xsd</Extensions>
    </Filter>
    <Filter Include="ECS">
      <UniqueIdentifier>{67DA6AB6-F800-4c08-8B7A-83BB121AAD01}</UniqueIdentifier>
      <Extensions>rc;ico;cur;bmp;dlg;rc2;rct;bin;rgs;gif;jpg;jpeg;jpe;resx;tiff;tif;png;wav;mfcribbon-ms</Extensions>
    </Filter>
    <Filter Include="Default Components">
      <UniqueIdentifier>{93dfe2e8-40a2-413e-af4b-ab68717fb86a}</UniqueIdentifier>
    </Filter>
    <Filter Include="Test Components">
      <UniqueIdentifier>{7f99c9d3-31d9-4e45-bccd-ddf5a751ecf0}</UniqueIdentifier>
    </Filter>
  </ItemGroup>
  <ItemGroup>
    <ClInclude Include="pch.h">
      <Filter>Header Files</Filter>
    </ClInclude>
    <ClInclude Include="Singleton.h">
      <Filter>Header Files</Filter>
    </ClInclude>
    <ClInclude Include="EntityManager.h">
      <Filter>ECS</Filter>
    </ClInclude>
    <ClInclude Include="DataBlockSoa.h">
      <Filter>ECS</Filter>
    </ClInclude>
    <ClInclude Include="ComponentSystem.h">
      <Filter>ECS</Filter>
    </ClInclude>
    <ClInclude Include="SystemManager.h">
      <Filter>ECS</Filter>
    </ClInclude>
    <ClInclude Include="TransformComponent.h">
      <Filter>Default Components</Filter>
    </ClInclude>
    <ClInclude Include="TransformComponentSystem.h">
      <Filter>Default Components</Filter>
    </ClInclude>
    <ClInclude Include="InputManager.h">
      <Filter>Header Files</Filter>
    </ClInclude>
    <ClInclude Include="Tests.h">
      <Filter>Source Files</Filter>
    </ClInclude>
    <ClInclude Include="Renderer.h">
      <Filter>Header Files</Filter>
    </ClInclude>
    <ClInclude Include="EventManager.h">
      <Filter>ECS</Filter>
    </ClInclude>
    <ClInclude Include="RenderRectComponent.h">
      <Filter>Default Components</Filter>
    </ClInclude>
    <ClInclude Include="MovementComponent.h">
      <Filter>Test Components</Filter>
    </ClInclude>
    <ClInclude Include="TimeManager.h">
      <Filter>Header Files</Filter>
    </ClInclude>
    <ClInclude Include="TextureComponent.h">
      <Filter>Default Components</Filter>
    </ClInclude>
  </ItemGroup>
  <ItemGroup>
    <ClCompile Include="pch.cpp">
      <Filter>Source Files</Filter>
    </ClCompile>
    <ClCompile Include="main.cpp">
      <Filter>Source Files</Filter>
    </ClCompile>
    <ClCompile Include="EntityManager.cpp">
      <Filter>ECS</Filter>
    </ClCompile>
    <ClCompile Include="SystemManager.cpp">
      <Filter>ECS</Filter>
    </ClCompile>
    <ClCompile Include="TransformComponentSystem.cpp">
      <Filter>Default Components</Filter>
    </ClCompile>
    <ClCompile Include="GameLoop.cpp">
      <Filter>Source Files</Filter>
    </ClCompile>
    <ClCompile Include="InputManager.cpp">
      <Filter>Header Files</Filter>
    </ClCompile>
    <ClCompile Include="Renderer.cpp">
      <Filter>Header Files</Filter>
    </ClCompile>
    <ClCompile Include="EventManager.cpp">
      <Filter>ECS</Filter>
    </ClCompile>
    <ClCompile Include="RenderRectComponent.cpp">
      <Filter>Default Components</Filter>
    </ClCompile>
    <ClCompile Include="MovementComponent.cpp">
      <Filter>Test Components</Filter>
    </ClCompile>
    <ClCompile Include="TimeManager.cpp">
      <Filter>Header Files</Filter>
    </ClCompile>
    <ClCompile Include="TextureComponent.cpp">
      <Filter>Default Components</Filter>
    </ClCompile>
  </ItemGroup>
</Project>