<?xml version="1.0" encoding="utf-8"?>
<Project ToolsVersion="4.0" xmlns="http://schemas.microsoft.com/developer/msbuild/2003">
  <ItemGroup>
    <Filter Include="Source Files">
      <UniqueIdentifier>{4FC737F1-C7A5-4376-A066-2A32D752A2FF}</UniqueIdentifier>
      <Extensions>cpp;c;cc;cxx;def;odl;idl;hpj;bat;asm;asmx</Extensions>
    </Filter>
    <Filter Include="Header Files">
      <UniqueIdentifier>{93995380-89BD-4b04-88EB-625FBE52EBFB}</UniqueIdentifier>
      <Extensions>h;hh;hpp;hxx;hm;inl;inc;ipp;xsd</Extensions>
    </Filter>
    <Filter Include="ECS">
      <UniqueIdentifier>{67DA6AB6-F800-4c08-8B7A-83BB121AAD01}</UniqueIdentifier>
      <Extensions>rc;ico;cur;bmp;dlg;rc2;rct;bin;rgs;gif;jpg;jpeg;jpe;resx;tiff;tif;png;wav;mfcribbon-ms</Extensions>
    </Filter>
    <Filter Include="Default Components">
      <UniqueIdentifier>{93dfe2e8-40a2-413e-af4b-ab68717fb86a}</UniqueIdentifier>
    </Filter>
    <Filter Include="Test Components">
      <UniqueIdentifier>{7f99c9d3-31d9-4e45-bccd-ddf5a751ecf0}</UniqueIdentifier>
    </Filter>
    <Filter Include="Rendering">
      <UniqueIdentifier>{97a7aa11-48cd-45f9-9e72-feb1c9017506}</UniqueIdentifier>
    </Filter>
    <Filter Include="Default Components\Render Components">
      <UniqueIdentifier>{cba43077-1aef-4bd6-94d7-299e9d1ece1b}</UniqueIdentifier>
    </Filter>
  </ItemGroup>
  <ItemGroup>
    <ClInclude Include="pch.h">
      <Filter>Header Files</Filter>
    </ClInclude>
    <ClInclude Include="Singleton.h">
      <Filter>Header Files</Filter>
    </ClInclude>
    <ClInclude Include="EntityManager.h">
      <Filter>ECS</Filter>
    </ClInclude>
    <ClInclude Include="DataBlockSoa.h">
      <Filter>ECS</Filter>
    </ClInclude>
    <ClInclude Include="ComponentSystem.h">
      <Filter>ECS</Filter>
    </ClInclude>
    <ClInclude Include="SystemManager.h">
      <Filter>ECS</Filter>
    </ClInclude>
    <ClInclude Include="TransformComponent.h">
      <Filter>Default Components</Filter>
    </ClInclude>
    <ClInclude Include="TransformComponentSystem.h">
      <Filter>Default Components</Filter>
    </ClInclude>
    <ClInclude Include="InputManager.h">
      <Filter>Header Files</Filter>
    </ClInclude>
    <ClInclude Include="EventManager.h">
      <Filter>ECS</Filter>
    </ClInclude>
    <ClInclude Include="MovementComponent.h">
      <Filter>Test Components</Filter>
    </ClInclude>
    <ClInclude Include="TimeManager.h">
      <Filter>Header Files</Filter>
    </ClInclude>
    <ClInclude Include="Renderer.h">
      <Filter>Rendering</Filter>
    </ClInclude>
    <ClInclude Include="RenderBackEnd.h">
      <Filter>Rendering</Filter>
    </ClInclude>
    <ClInclude Include="RenderQueue.h">
      <Filter>Rendering</Filter>
    </ClInclude>
    <ClInclude Include="POD.h">
      <Filter>Header Files</Filter>
    </ClInclude>
    <ClInclude Include="Structs.h">
      <Filter>Header Files</Filter>
    </ClInclude>
    <ClInclude Include="RenderEllipseComponent.h">
      <Filter>Default Components\Render Components</Filter>
    </ClInclude>
    <ClInclude Include="RenderLineComponent.h">
      <Filter>Default Components\Render Components</Filter>
    </ClInclude>
    <ClInclude Include="RenderPointComponent.h">
      <Filter>Default Components\Render Components</Filter>
    </ClInclude>
    <ClInclude Include="RenderRectangleComponent.h">
      <Filter>Default Components\Render Components</Filter>
    </ClInclude>
    <ClInclude Include="RenderTriangleComponent.h">
      <Filter>Default Components\Render Components</Filter>
    </ClInclude>
    <ClInclude Include="TextureLibrary.h">
      <Filter>Rendering</Filter>
    </ClInclude>
    <ClInclude Include="RenderTextureComponent.h">
      <Filter>Default Components\Render Components</Filter>
    </ClInclude>
    <ClInclude Include="RigidBodyComponent.h">
      <Filter>Default Components</Filter>
    </ClInclude>
    <ClInclude Include="CommonInitializeEvents.h">
      <Filter>Source Files</Filter>
    </ClInclude>
  </ItemGroup>
  <ItemGroup>
    <ClCompile Include="pch.cpp">
      <Filter>Source Files</Filter>
    </ClCompile>
    <ClCompile Include="EntityManager.cpp">
      <Filter>ECS</Filter>
    </ClCompile>
    <ClCompile Include="SystemManager.cpp">
      <Filter>ECS</Filter>
    </ClCompile>
    <ClCompile Include="TransformComponentSystem.cpp">
      <Filter>Default Components</Filter>
    </ClCompile>
    <ClCompile Include="GameLoop.cpp">
      <Filter>Source Files</Filter>
    </ClCompile>
    <ClCompile Include="InputManager.cpp">
      <Filter>Header Files</Filter>
    </ClCompile>
    <ClCompile Include="EventManager.cpp">
      <Filter>ECS</Filter>
    </ClCompile>
    <ClCompile Include="MovementComponent.cpp">
      <Filter>Test Components</Filter>
    </ClCompile>
    <ClCompile Include="TimeManager.cpp">
      <Filter>Header Files</Filter>
    </ClCompile>
    <ClCompile Include="Renderer.cpp">
      <Filter>Rendering</Filter>
    </ClCompile>
    <ClCompile Include="RenderBackEnd.cpp">
      <Filter>Rendering</Filter>
    </ClCompile>
    <ClCompile Include="RenderQueue.cpp">
      <Filter>Rendering</Filter>
    </ClCompile>
    <ClCompile Include="POD.cpp">
      <Filter>Header Files</Filter>
    </ClCompile>
    <ClCompile Include="RenderEllipseComponent.cpp">
      <Filter>Default Components\Render Components</Filter>
    </ClCompile>
    <ClCompile Include="RenderLineComponent.cpp">
      <Filter>Default Components\Render Components</Filter>
    </ClCompile>
    <ClCompile Include="RenderPointComponent.cpp">
      <Filter>Default Components\Render Components</Filter>
    </ClCompile>
    <ClCompile Include="RenderRectangleComponent.cpp">
      <Filter>Default Components\Render Components</Filter>
    </ClCompile>
    <ClCompile Include="RenderTriangleComponent.cpp">
      <Filter>Default Components\Render Components</Filter>
    </ClCompile>
    <ClCompile Include="TextureLibrary.cpp">
      <Filter>Rendering</Filter>
    </ClCompile>
    <ClCompile Include="RenderTextureComponent.cpp">
      <Filter>Default Components\Render Components</Filter>
    </ClCompile>
    <ClCompile Include="RigidBodyComponent.cpp">
      <Filter>Default Components</Filter>
    </ClCompile>
  </ItemGroup>
</Project>